
Microsoft Visual Studio Solution File, Format Version 12.00
# Visual Studio Version 17
VisualStudioVersion = 17.3.32611.2
MinimumVisualStudioVersion = 10.0.40219.1
Project("{2150E333-8FDC-42A3-9474-1A3956D46DE8}") = "src", "src", "{969BB7A4-C35C-4AB0-9A38-7F0A3721CC6A}"
EndProject
Project("{9A19103F-16F7-4668-BE54-9A1E7A4F7556}") = "Token.Auditing", "src\Token.Auditing\Token.Auditing\Token.Auditing.csproj", "{AC9CEFD2-F8AB-4D59-8895-3DCEAC11E226}"
EndProject
Project("{2150E333-8FDC-42A3-9474-1A3956D46DE8}") = "test", "test", "{8B0AE4A8-F5D6-4DA5-8EA3-3A26CDFFAD24}"
EndProject
Project("{FAE04EC0-301F-11D3-BF4B-00C04F79EFBC}") = "NetCore.Host", "test\NetCore.Host\NetCore.Host.csproj", "{D0C3F459-B253-4BCD-9B1A-FE18742096B5}"
EndProject
Global
	GlobalSection(SolutionConfigurationPlatforms) = preSolution
		Debug|Any CPU = Debug|Any CPU
		Release|Any CPU = Release|Any CPU
	EndGlobalSection
	GlobalSection(ProjectConfigurationPlatforms) = postSolution
		{AC9CEFD2-F8AB-4D59-8895-3DCEAC11E226}.Debug|Any CPU.ActiveCfg = Debug|Any CPU
		{AC9CEFD2-F8AB-4D59-8895-3DCEAC11E226}.Debug|Any CPU.Build.0 = Debug|Any CPU
		{AC9CEFD2-F8AB-4D59-8895-3DCEAC11E226}.Release|Any CPU.ActiveCfg = Release|Any CPU
		{AC9CEFD2-F8AB-4D59-8895-3DCEAC11E226}.Release|Any CPU.Build.0 = Release|Any CPU
		{D0C3F459-B253-4BCD-9B1A-FE18742096B5}.Debug|Any CPU.ActiveCfg = Debug|Any CPU
		{D0C3F459-B253-4BCD-9B1A-FE18742096B5}.Debug|Any CPU.Build.0 = Debug|Any CPU
		{D0C3F459-B253-4BCD-9B1A-FE18742096B5}.Release|Any CPU.ActiveCfg = Release|Any CPU
		{D0C3F459-B253-4BCD-9B1A-FE18742096B5}.Release|Any CPU.Build.0 = Release|Any CPU
	EndGlobalSection
	GlobalSection(SolutionProperties) = preSolution
		HideSolutionNode = FALSE
	EndGlobalSection
	GlobalSection(NestedProjects) = preSolution
		{AC9CEFD2-F8AB-4D59-8895-3DCEAC11E226} = {969BB7A4-C35C-4AB0-9A38-7F0A3721CC6A}
		{D0C3F459-B253-4BCD-9B1A-FE18742096B5} = {8B0AE4A8-F5D6-4DA5-8EA3-3A26CDFFAD24}
	EndGlobalSection
	GlobalSection(ExtensibilityGlobals) = postSolution
		SolutionGuid = {3D6A9370-A5DB-40CC-B025-FDF6012B9352}
	EndGlobalSection
EndGlobal
